// !$*UTF8*$!
{
	archiveVersion = 1;
	classes = {
	};
	objectVersion = 50;
	objects = {

/* Begin PBXBuildFile section */
		1911E244213DEFD00036CD71 /* AlarmController.swift in Sources */ = {isa = PBXBuildFile; fileRef = 1911E243213DEFD00036CD71 /* AlarmController.swift */; };
		19B66B54213DB1A0003F917E /* AppDelegate.swift in Sources */ = {isa = PBXBuildFile; fileRef = 19B66B53213DB1A0003F917E /* AppDelegate.swift */; };
		19B66B59213DB1A0003F917E /* Main.storyboard in Resources */ = {isa = PBXBuildFile; fileRef = 19B66B57213DB1A0003F917E /* Main.storyboard */; };
		19B66B5B213DB1A1003F917E /* Assets.xcassets in Resources */ = {isa = PBXBuildFile; fileRef = 19B66B5A213DB1A1003F917E /* Assets.xcassets */; };
		19B66B5E213DB1A1003F917E /* LaunchScreen.storyboard in Resources */ = {isa = PBXBuildFile; fileRef = 19B66B5C213DB1A1003F917E /* LaunchScreen.storyboard */; };
		19B66B66213DD279003F917E /* AlarmTableViewController.swift in Sources */ = {isa = PBXBuildFile; fileRef = 19B66B65213DD279003F917E /* AlarmTableViewController.swift */; };
		19B66B68213DD287003F917E /* AlarmDetailTableViewController.swift in Sources */ = {isa = PBXBuildFile; fileRef = 19B66B67213DD287003F917E /* AlarmDetailTableViewController.swift */; };
		19B66B6C213DD402003F917E /* AlarmTableViewCell.swift in Sources */ = {isa = PBXBuildFile; fileRef = 19B66B6B213DD402003F917E /* AlarmTableViewCell.swift */; };
		19B66B6F213DD4F3003F917E /* Alarm.swift in Sources */ = {isa = PBXBuildFile; fileRef = 19B66B6E213DD4F3003F917E /* Alarm.swift */; };
/* End PBXBuildFile section */

/* Begin PBXFileReference section */
		1911E243213DEFD00036CD71 /* AlarmController.swift */ = {isa = PBXFileReference; lastKnownFileType = sourcecode.swift; path = AlarmController.swift; sourceTree = "<group>"; };
		19B66B50213DB1A0003F917E /* Alarmp1.app */ = {isa = PBXFileReference; explicitFileType = wrapper.application; includeInIndex = 0; path = Alarmp1.app; sourceTree = BUILT_PRODUCTS_DIR; };
		19B66B53213DB1A0003F917E /* AppDelegate.swift */ = {isa = PBXFileReference; lastKnownFileType = sourcecode.swift; path = AppDelegate.swift; sourceTree = "<group>"; };
		19B66B58213DB1A0003F917E /* Base */ = {isa = PBXFileReference; lastKnownFileType = file.storyboard; name = Base; path = Base.lproj/Main.storyboard; sourceTree = "<group>"; };
		19B66B5A213DB1A1003F917E /* Assets.xcassets */ = {isa = PBXFileReference; lastKnownFileType = folder.assetcatalog; path = Assets.xcassets; sourceTree = "<group>"; };
		19B66B5D213DB1A1003F917E /* Base */ = {isa = PBXFileReference; lastKnownFileType = file.storyboard; name = Base; path = Base.lproj/LaunchScreen.storyboard; sourceTree = "<group>"; };
		19B66B5F213DB1A1003F917E /* Info.plist */ = {isa = PBXFileReference; lastKnownFileType = text.plist.xml; path = Info.plist; sourceTree = "<group>"; };
		19B66B65213DD279003F917E /* AlarmTableViewController.swift */ = {isa = PBXFileReference; lastKnownFileType = sourcecode.swift; path = AlarmTableViewController.swift; sourceTree = "<group>"; };
		19B66B67213DD287003F917E /* AlarmDetailTableViewController.swift */ = {isa = PBXFileReference; lastKnownFileType = sourcecode.swift; path = AlarmDetailTableViewController.swift; sourceTree = "<group>"; };
		19B66B6B213DD402003F917E /* AlarmTableViewCell.swift */ = {isa = PBXFileReference; lastKnownFileType = sourcecode.swift; path = AlarmTableViewCell.swift; sourceTree = "<group>"; };
		19B66B6E213DD4F3003F917E /* Alarm.swift */ = {isa = PBXFileReference; lastKnownFileType = sourcecode.swift; path = Alarm.swift; sourceTree = "<group>"; };
/* End PBXFileReference section */

/* Begin PBXFrameworksBuildPhase section */
		19B66B4D213DB1A0003F917E /* Frameworks */ = {
			isa = PBXFrameworksBuildPhase;
			buildActionMask = 2147483647;
			files = (
			);
			runOnlyForDeploymentPostprocessing = 0;
		};
/* End PBXFrameworksBuildPhase section */

/* Begin PBXGroup section */
		19B66B47213DB19F003F917E = {
			isa = PBXGroup;
			children = (
				19B66B52213DB1A0003F917E /* Alarmp1 */,
				19B66B51213DB1A0003F917E /* Products */,
			);
			sourceTree = "<group>";
		};
		19B66B51213DB1A0003F917E /* Products */ = {
			isa = PBXGroup;
			children = (
				19B66B50213DB1A0003F917E /* Alarmp1.app */,
			);
			name = Products;
			sourceTree = "<group>";
		};
		19B66B52213DB1A0003F917E /* Alarmp1 */ = {
			isa = PBXGroup;
			children = (
				19B66B6A213DD2A7003F917E /* Views */,
				19B66B6D213DD4CD003F917E /* Models */,
				19B66B53213DB1A0003F917E /* AppDelegate.swift */,
				19B66B57213DB1A0003F917E /* Main.storyboard */,
				19B66B69213DD294003F917E /* Controllers */,
				19B66B5A213DB1A1003F917E /* Assets.xcassets */,
				19B66B5C213DB1A1003F917E /* LaunchScreen.storyboard */,
				19B66B5F213DB1A1003F917E /* Info.plist */,
			);
			path = Alarmp1;
			sourceTree = "<group>";
		};
		19B66B69213DD294003F917E /* Controllers */ = {
			isa = PBXGroup;
			children = (
				19B66B65213DD279003F917E /* AlarmTableViewController.swift */,
				19B66B67213DD287003F917E /* AlarmDetailTableViewController.swift */,
				1911E243213DEFD00036CD71 /* AlarmController.swift */,
			);
			path = Controllers;
			sourceTree = "<group>";
		};
		19B66B6A213DD2A7003F917E /* Views */ = {
			isa = PBXGroup;
			children = (
				19B66B6B213DD402003F917E /* AlarmTableViewCell.swift */,
			);
			path = Views;
			sourceTree = "<group>";
		};
		19B66B6D213DD4CD003F917E /* Models */ = {
			isa = PBXGroup;
			children = (
				19B66B6E213DD4F3003F917E /* Alarm.swift */,
			);
			path = Models;
			sourceTree = "<group>";
		};
/* End PBXGroup section */

/* Begin PBXNativeTarget section */
		19B66B4F213DB1A0003F917E /* Alarmp1 */ = {
			isa = PBXNativeTarget;
			buildConfigurationList = 19B66B62213DB1A1003F917E /* Build configuration list for PBXNativeTarget "Alarmp1" */;
			buildPhases = (
				19B66B4C213DB1A0003F917E /* Sources */,
				19B66B4D213DB1A0003F917E /* Frameworks */,
				19B66B4E213DB1A0003F917E /* Resources */,
			);
			buildRules = (
			);
			dependencies = (
			);
			name = Alarmp1;
			productName = Alarmp1;
			productReference = 19B66B50213DB1A0003F917E /* Alarmp1.app */;
			productType = "com.apple.product-type.application";
		};
/* End PBXNativeTarget section */

/* Begin PBXProject section */
		19B66B48213DB19F003F917E /* Project object */ = {
			isa = PBXProject;
			attributes = {
				LastSwiftUpdateCheck = 0940;
				LastUpgradeCheck = 0940;
				ORGANIZATIONNAME = "Xavier ios dev";
				TargetAttributes = {
					19B66B4F213DB1A0003F917E = {
						CreatedOnToolsVersion = 9.4.1;
					};
				};
			};
			buildConfigurationList = 19B66B4B213DB19F003F917E /* Build configuration list for PBXProject "Alarmp1" */;
			compatibilityVersion = "Xcode 9.3";
			developmentRegion = en;
			hasScannedForEncodings = 0;
			knownRegions = (
				en,
				Base,
			);
			mainGroup = 19B66B47213DB19F003F917E;
			productRefGroup = 19B66B51213DB1A0003F917E /* Products */;
			projectDirPath = "";
			projectRoot = "";
			targets = (
				19B66B4F213DB1A0003F917E /* Alarmp1 */,
			);
		};
/* End PBXProject section */

/* Begin PBXResourcesBuildPhase section */
		19B66B4E213DB1A0003F917E /* Resources */ = {
			isa = PBXResourcesBuildPhase;
			buildActionMask = 2147483647;
			files = (
				19B66B5E213DB1A1003F917E /* LaunchScreen.storyboard in Resources */,
				19B66B5B213DB1A1003F917E /* Assets.xcassets in Resources */,
				19B66B59213DB1A0003F917E /* Main.storyboard in Resources */,
			);
			runOnlyForDeploymentPostprocessing = 0;
		};
/* End PBXResourcesBuildPhase section */

/* Begin PBXSourcesBuildPhase section */
		19B66B4C213DB1A0003F917E /* Sources */ = {
			isa = PBXSourcesBuildPhase;
			buildActionMask = 2147483647;
			files = (
				19B66B68213DD287003F917E /* AlarmDetailTableViewController.swift in Sources */,
				19B66B54213DB1A0003F917E /* AppDelegate.swift in Sources */,
				19B66B6F213DD4F3003F917E /* Alarm.swift in Sources */,
				19B66B66213DD279003F917E /* AlarmTableViewController.swift in Sources */,
				19B66B6C213DD402003F917E /* AlarmTableViewCell.swift in Sources */,
				1911E244213DEFD00036CD71 /* AlarmController.swift in Sources */,
			);
			runOnlyForDeploymentPostprocessing = 0;
		};
/* End PBXSourcesBuildPhase section */

/* Begin PBXVariantGroup section */
		19B66B57213DB1A0003F917E /* Main.storyboard */ = {
			isa = PBXVariantGroup;
			children = (
				19B66B58213DB1A0003F917E /* Base */,
			);
			name = Main.storyboard;
			sourceTree = "<group>";
		};
		19B66B5C213DB1A1003F917E /* LaunchScreen.storyboard */ = {
			isa = PBXVariantGroup;
			children = (
				19B66B5D213DB1A1003F917E /* Base */,
			);
			name = LaunchScreen.storyboard;
			sourceTree = "<group>";
		};
/* End PBXVariantGroup section */

/* Begin XCBuildConfiguration section */
		19B66B60213DB1A1003F917E /* Debug */ = {
			isa = XCBuildConfiguration;
			buildSettings = {
				ALWAYS_SEARCH_USER_PATHS = NO;
				CLANG_ANALYZER_NONNULL = YES;
				CLANG_ANALYZER_NUMBER_OBJECT_CONVERSION = YES_AGGRESSIVE;
				CLANG_CXX_LANGUAGE_STANDARD = "gnu++14";
				CLANG_CXX_LIBRARY = "libc++";
				CLANG_ENABLE_MODULES = YES;
				CLANG_ENABLE_OBJC_ARC = YES;
				CLANG_ENABLE_OBJC_WEAK = YES;
				CLANG_WARN_BLOCK_CAPTURE_AUTORELEASING = YES;
				CLANG_WARN_BOOL_CONVERSION = YES;
				CLANG_WARN_COMMA = YES;
				CLANG_WARN_CONSTANT_CONVERSION = YES;
				CLANG_WARN_DEPRECATED_OBJC_IMPLEMENTATIONS = YES;
				CLANG_WARN_DIRECT_OBJC_ISA_USAGE = YES_ERROR;
				CLANG_WARN_DOCUMENTATION_COMMENTS = YES;
				CLANG_WARN_EMPTY_BODY = YES;
				CLANG_WARN_ENUM_CONVERSION = YES;
				CLANG_WARN_INFINITE_RECURSION = YES;
				CLANG_WARN_INT_CONVERSION = YES;
				CLANG_WARN_NON_LITERAL_NULL_CONVERSION = YES;
				CLANG_WARN_OBJC_IMPLICIT_RETAIN_SELF = YES;
				CLANG_WARN_OBJC_LITERAL_CONVERSION = YES;
				CLANG_WARN_OBJC_ROOT_CLASS = YES_ERROR;
				CLANG_WARN_RANGE_LOOP_ANALYSIS = YES;
				CLANG_WARN_STRICT_PROTOTYPES = YES;
				CLANG_WARN_SUSPICIOUS_MOVE = YES;
				CLANG_WARN_UNGUARDED_AVAILABILITY = YES_AGGRESSIVE;
				CLANG_WARN_UNREACHABLE_CODE = YES;
				CLANG_WARN__DUPLICATE_METHOD_MATCH = YES;
				CODE_SIGN_IDENTITY = "iPhone Developer";
				COPY_PHASE_STRIP = NO;
				DEBUG_INFORMATION_FORMAT = dwarf;
				ENABLE_STRICT_OBJC_MSGSEND = YES;
				ENABLE_TESTABILITY = YES;
				GCC_C_LANGUAGE_STANDARD = gnu11;
				GCC_DYNAMIC_NO_PIC = NO;
				GCC_NO_COMMON_BLOCKS = YES;
				GCC_OPTIMIZATION_LEVEL = 0;
				GCC_PREPROCESSOR_DEFINITIONS = (
					"DEBUG=1",
					"$(inherited)",
				);
				GCC_WARN_64_TO_32_BIT_CONVERSION = YES;
				GCC_WARN_ABOUT_RETURN_TYPE = YES_ERROR;
				GCC_WARN_UNDECLARED_SELECTOR = YES;
				GCC_WARN_UNINITIALIZED_AUTOS = YES_AGGRESSIVE;
				GCC_WARN_UNUSED_FUNCTION = YES;
				GCC_WARN_UNUSED_VARIABLE = YES;
				IPHONEOS_DEPLOYMENT_TARGET = 11.4;
				MTL_ENABLE_DEBUG_INFO = YES;
				ONLY_ACTIVE_ARCH = YES;
				SDKROOT = iphoneos;
				SWIFT_ACTIVE_COMPILATION_CONDITIONS = DEBUG;
				SWIFT_OPTIMIZATION_LEVEL = "-Onone";
			};
			name = Debug;
		};
		19B66B61213DB1A1003F917E /* Release */ = {
			isa = XCBuildConfiguration;
			buildSettings = {
				ALWAYS_SEARCH_USER_PATHS = NO;
				CLANG_ANALYZER_NONNULL = YES;
				CLANG_ANALYZER_NUMBER_OBJECT_CONVERSION = YES_AGGRESSIVE;
				CLANG_CXX_LANGUAGE_STANDARD = "gnu++14";
				CLANG_CXX_LIBRARY = "libc++";
				CLANG_ENABLE_MODULES = YES;
				CLANG_ENABLE_OBJC_ARC = YES;
				CLANG_ENABLE_OBJC_WEAK = YES;
				CLANG_WARN_BLOCK_CAPTURE_AUTORELEASING = YES;
				CLANG_WARN_BOOL_CONVERSION = YES;
				CLANG_WARN_COMMA = YES;
				CLANG_WARN_CONSTANT_CONVERSION = YES;
				CLANG_WARN_DEPRECATED_OBJC_IMPLEMENTATIONS = YES;
				CLANG_WARN_DIRECT_OBJC_ISA_USAGE = YES_ERROR;
				CLANG_WARN_DOCUMENTATION_COMMENTS = YES;
				CLANG_WARN_EMPTY_BODY = YES;
				CLANG_WARN_ENUM_CONVERSION = YES;
				CLANG_WARN_INFINITE_RECURSION = YES;
				CLANG_WARN_INT_CONVERSION = YES;
				CLANG_WARN_NON_LITERAL_NULL_CONVERSION = YES;
				CLANG_WARN_OBJC_IMPLICIT_RETAIN_SELF = YES;
				CLANG_WARN_OBJC_LITERAL_CONVERSION = YES;
				CLANG_WARN_OBJC_ROOT_CLASS = YES_ERROR;
				CLANG_WARN_RANGE_LOOP_ANALYSIS = YES;
				CLANG_WARN_STRICT_PROTOTYPES = YES;
				CLANG_WARN_SUSPICIOUS_MOVE = YES;
				CLANG_WARN_UNGUARDED_AVAILABILITY = YES_AGGRESSIVE;
				CLANG_WARN_UNREACHABLE_CODE = YES;
				CLANG_WARN__DUPLICATE_METHOD_MATCH = YES;
				CODE_SIGN_IDENTITY = "iPhone Developer";
				COPY_PHASE_STRIP = NO;
				DEBUG_INFORMATION_FORMAT = "dwarf-with-dsym";
				ENABLE_NS_ASSERTIONS = NO;
				ENABLE_STRICT_OBJC_MSGSEND = YES;
				GCC_C_LANGUAGE_STANDARD = gnu11;
				GCC_NO_COMMON_BLOCKS = YES;
				GCC_WARN_64_TO_32_BIT_CONVERSION = YES;
				GCC_WARN_ABOUT_RETURN_TYPE = YES_ERROR;
				GCC_WARN_UNDECLARED_SELECTOR = YES;
				GCC_WARN_UNINITIALIZED_AUTOS = YES_AGGRESSIVE;
				GCC_WARN_UNUSED_FUNCTION = YES;
				GCC_WARN_UNUSED_VARIABLE = YES;
				IPHONEOS_DEPLOYMENT_TARGET = 11.4;
				MTL_ENABLE_DEBUG_INFO = NO;
				SDKROOT = iphoneos;
				SWIFT_COMPILATION_MODE = wholemodule;
				SWIFT_OPTIMIZATION_LEVEL = "-O";
				VALIDATE_PRODUCT = YES;
			};
			name = Release;
		};
		19B66B63213DB1A1003F917E /* Debug */ = {
			isa = XCBuildConfiguration;
			buildSettings = {
				ASSETCATALOG_COMPILER_APPICON_NAME = AppIcon;
				CODE_SIGN_STYLE = Automatic;
				INFOPLIST_FILE = Alarmp1/Info.plist;
				LD_RUNPATH_SEARCH_PATHS = (
					"$(inherited)",
					"@executable_path/Frameworks",
				);
				PRODUCT_BUNDLE_IDENTIFIER = COM.UDACITY.Alarmp1;
				PRODUCT_NAME = "$(TARGET_NAME)";
				SWIFT_VERSION = 4.0;
				TARGETED_DEVICE_FAMILY = "1,2";
			};
			name = Debug;
		};
		19B66B64213DB1A1003F917E /* Release */ = {
			isa = XCBuildConfiguration;
			buildSettings = {
				ASSETCATALOG_COMPILER_APPICON_NAME = AppIcon;
				CODE_SIGN_STYLE = Automatic;
				INFOPLIST_FILE = Alarmp1/Info.plist;
				LD_RUNPATH_SEARCH_PATHS = (
					"$(inherited)",
					"@executable_path/Frameworks",
				);
				PRODUCT_BUNDLE_IDENTIFIER = COM.UDACITY.Alarmp1;
				PRODUCT_NAME = "$(TARGET_NAME)";
				SWIFT_VERSION = 4.0;
				TARGETED_DEVICE_FAMILY = "1,2";
			};
			name = Release;
		};
/* End XCBuildConfiguration section */

/* Begin XCConfigurationList section */
		19B66B4B213DB19F003F917E /* Build configuration list for PBXProject "Alarmp1" */ = {
			isa = XCConfigurationList;
			buildConfigurations = (
				19B66B60213DB1A1003F917E /* Debug */,
				19B66B61213DB1A1003F917E /* Release */,
			);
			defaultConfigurationIsVisible = 0;
			defaultConfigurationName = Release;
		};
		19B66B62213DB1A1003F917E /* Build configuration list for PBXNativeTarget "Alarmp1" */ = {
			isa = XCConfigurationList;
			buildConfigurations = (
				19B66B63213DB1A1003F917E /* Debug */,
				19B66B64213DB1A1003F917E /* Release */,
			);
			defaultConfigurationIsVisible = 0;
			defaultConfigurationName = Release;
		};
/* End XCConfigurationList section */
	};
	rootObject = 19B66B48213DB19F003F917E /* Project object */;
}
